
Microsoft Visual Studio Solution File, Format Version 12.00
# Visual Studio 15
VisualStudioVersion = 15.0.27130.2036
MinimumVisualStudioVersion = 10.0.40219.1
Project("{FAE04EC0-301F-11D3-BF4B-00C04F79EFBC}") = "Validador", "Validador\Validador.csproj", "{B682EBED-B835-4172-8876-DC0AAE924A7F}"
EndProject
Project("{FAE04EC0-301F-11D3-BF4B-00C04F79EFBC}") = "TesteValidador", "TesteValidador\TesteValidador.csproj", "{190EA9E3-647D-47E6-AD7D-0B3B6AA57EE9}"
EndProject
Global
	GlobalSection(SolutionConfigurationPlatforms) = preSolution
		Debug|Any CPU = Debug|Any CPU
		Release|Any CPU = Release|Any CPU
	EndGlobalSection
	GlobalSection(ProjectConfigurationPlatforms) = postSolution
		{B682EBED-B835-4172-8876-DC0AAE924A7F}.Debug|Any CPU.ActiveCfg = Debug|Any CPU
		{B682EBED-B835-4172-8876-DC0AAE924A7F}.Debug|Any CPU.Build.0 = Debug|Any CPU
		{B682EBED-B835-4172-8876-DC0AAE924A7F}.Release|Any CPU.ActiveCfg = Release|Any CPU
		{B682EBED-B835-4172-8876-DC0AAE924A7F}.Release|Any CPU.Build.0 = Release|Any CPU
		{190EA9E3-647D-47E6-AD7D-0B3B6AA57EE9}.Debug|Any CPU.ActiveCfg = Debug|Any CPU
		{190EA9E3-647D-47E6-AD7D-0B3B6AA57EE9}.Debug|Any CPU.Build.0 = Debug|Any CPU
		{190EA9E3-647D-47E6-AD7D-0B3B6AA57EE9}.Release|Any CPU.ActiveCfg = Release|Any CPU
		{190EA9E3-647D-47E6-AD7D-0B3B6AA57EE9}.Release|Any CPU.Build.0 = Release|Any CPU
	EndGlobalSection
	GlobalSection(SolutionProperties) = preSolution
		HideSolutionNode = FALSE
	EndGlobalSection
	GlobalSection(ExtensibilityGlobals) = postSolution
		SolutionGuid = {E101BB99-5E47-46F1-930F-3C7AF0B24299}
	EndGlobalSection
EndGlobal
